// !$*UTF8*$!
{
	archiveVersion = 1;
	classes = {
	};
	objectVersion = 50;
	objects = {

/* Begin PBXBuildFile section */
		37FCB95A25D404FC00953482 /* YBCardSwiftUIApp.swift in Sources */ = {isa = PBXBuildFile; fileRef = 37FCB95925D404FC00953482 /* YBCardSwiftUIApp.swift */; };
		37FCB95C25D404FC00953482 /* ContentView.swift in Sources */ = {isa = PBXBuildFile; fileRef = 37FCB95B25D404FC00953482 /* ContentView.swift */; };
		37FCB95E25D404FE00953482 /* Assets.xcassets in Resources */ = {isa = PBXBuildFile; fileRef = 37FCB95D25D404FE00953482 /* Assets.xcassets */; };
		37FCB96125D404FE00953482 /* Preview Assets.xcassets in Resources */ = {isa = PBXBuildFile; fileRef = 37FCB96025D404FE00953482 /* Preview Assets.xcassets */; };
		37FCB96C25D404FE00953482 /* YBCardSwiftUITests.swift in Sources */ = {isa = PBXBuildFile; fileRef = 37FCB96B25D404FE00953482 /* YBCardSwiftUITests.swift */; };
		37FCB97725D404FE00953482 /* YBCardSwiftUIUITests.swift in Sources */ = {isa = PBXBuildFile; fileRef = 37FCB97625D404FE00953482 /* YBCardSwiftUIUITests.swift */; };
		37FCB98925D4080F00953482 /* Pacifico-Regular.ttf in Resources */ = {isa = PBXBuildFile; fileRef = 37FCB98825D407FA00953482 /* Pacifico-Regular.ttf */; };
		37FCB99625D40EFF00953482 /* InfoView.swift in Sources */ = {isa = PBXBuildFile; fileRef = 37FCB99525D40EFF00953482 /* InfoView.swift */; };
/* End PBXBuildFile section */

/* Begin PBXContainerItemProxy section */
		37FCB96825D404FE00953482 /* PBXContainerItemProxy */ = {
			isa = PBXContainerItemProxy;
			containerPortal = 37FCB94E25D404FC00953482 /* Project object */;
			proxyType = 1;
			remoteGlobalIDString = 37FCB95525D404FC00953482;
			remoteInfo = YBCardSwiftUI;
		};
		37FCB97325D404FE00953482 /* PBXContainerItemProxy */ = {
			isa = PBXContainerItemProxy;
			containerPortal = 37FCB94E25D404FC00953482 /* Project object */;
			proxyType = 1;
			remoteGlobalIDString = 37FCB95525D404FC00953482;
			remoteInfo = YBCardSwiftUI;
		};
/* End PBXContainerItemProxy section */

/* Begin PBXFileReference section */
		37FCB95625D404FC00953482 /* YBCardSwiftUI.app */ = {isa = PBXFileReference; explicitFileType = wrapper.application; includeInIndex = 0; path = YBCardSwiftUI.app; sourceTree = BUILT_PRODUCTS_DIR; };
		37FCB95925D404FC00953482 /* YBCardSwiftUIApp.swift */ = {isa = PBXFileReference; lastKnownFileType = sourcecode.swift; path = YBCardSwiftUIApp.swift; sourceTree = "<group>"; };
		37FCB95B25D404FC00953482 /* ContentView.swift */ = {isa = PBXFileReference; lastKnownFileType = sourcecode.swift; path = ContentView.swift; sourceTree = "<group>"; };
		37FCB95D25D404FE00953482 /* Assets.xcassets */ = {isa = PBXFileReference; lastKnownFileType = folder.assetcatalog; path = Assets.xcassets; sourceTree = "<group>"; };
		37FCB96025D404FE00953482 /* Preview Assets.xcassets */ = {isa = PBXFileReference; lastKnownFileType = folder.assetcatalog; path = "Preview Assets.xcassets"; sourceTree = "<group>"; };
		37FCB96225D404FE00953482 /* Info.plist */ = {isa = PBXFileReference; lastKnownFileType = text.plist.xml; path = Info.plist; sourceTree = "<group>"; };
		37FCB96725D404FE00953482 /* YBCardSwiftUITests.xctest */ = {isa = PBXFileReference; explicitFileType = wrapper.cfbundle; includeInIndex = 0; path = YBCardSwiftUITests.xctest; sourceTree = BUILT_PRODUCTS_DIR; };
		37FCB96B25D404FE00953482 /* YBCardSwiftUITests.swift */ = {isa = PBXFileReference; lastKnownFileType = sourcecode.swift; path = YBCardSwiftUITests.swift; sourceTree = "<group>"; };
		37FCB96D25D404FE00953482 /* Info.plist */ = {isa = PBXFileReference; lastKnownFileType = text.plist.xml; path = Info.plist; sourceTree = "<group>"; };
		37FCB97225D404FE00953482 /* YBCardSwiftUIUITests.xctest */ = {isa = PBXFileReference; explicitFileType = wrapper.cfbundle; includeInIndex = 0; path = YBCardSwiftUIUITests.xctest; sourceTree = BUILT_PRODUCTS_DIR; };
		37FCB97625D404FE00953482 /* YBCardSwiftUIUITests.swift */ = {isa = PBXFileReference; lastKnownFileType = sourcecode.swift; path = YBCardSwiftUIUITests.swift; sourceTree = "<group>"; };
		37FCB97825D404FE00953482 /* Info.plist */ = {isa = PBXFileReference; lastKnownFileType = text.plist.xml; path = Info.plist; sourceTree = "<group>"; };
		37FCB98825D407FA00953482 /* Pacifico-Regular.ttf */ = {isa = PBXFileReference; lastKnownFileType = file; path = "Pacifico-Regular.ttf"; sourceTree = "<group>"; };
		37FCB99525D40EFF00953482 /* InfoView.swift */ = {isa = PBXFileReference; lastKnownFileType = sourcecode.swift; path = InfoView.swift; sourceTree = "<group>"; };
/* End PBXFileReference section */

/* Begin PBXFrameworksBuildPhase section */
		37FCB95325D404FC00953482 /* Frameworks */ = {
			isa = PBXFrameworksBuildPhase;
			buildActionMask = 2147483647;
			files = (
			);
			runOnlyForDeploymentPostprocessing = 0;
		};
		37FCB96425D404FE00953482 /* Frameworks */ = {
			isa = PBXFrameworksBuildPhase;
			buildActionMask = 2147483647;
			files = (
			);
			runOnlyForDeploymentPostprocessing = 0;
		};
		37FCB96F25D404FE00953482 /* Frameworks */ = {
			isa = PBXFrameworksBuildPhase;
			buildActionMask = 2147483647;
			files = (
			);
			runOnlyForDeploymentPostprocessing = 0;
		};
/* End PBXFrameworksBuildPhase section */

/* Begin PBXGroup section */
		37FCB94D25D404FC00953482 = {
			isa = PBXGroup;
			children = (
				37FCB95825D404FC00953482 /* YBCardSwiftUI */,
				37FCB96A25D404FE00953482 /* YBCardSwiftUITests */,
				37FCB97525D404FE00953482 /* YBCardSwiftUIUITests */,
				37FCB95725D404FC00953482 /* Products */,
			);
			sourceTree = "<group>";
		};
		37FCB95725D404FC00953482 /* Products */ = {
			isa = PBXGroup;
			children = (
				37FCB95625D404FC00953482 /* YBCardSwiftUI.app */,
				37FCB96725D404FE00953482 /* YBCardSwiftUITests.xctest */,
				37FCB97225D404FE00953482 /* YBCardSwiftUIUITests.xctest */,
			);
			name = Products;
			sourceTree = "<group>";
		};
		37FCB95825D404FC00953482 /* YBCardSwiftUI */ = {
			isa = PBXGroup;
			children = (
				37FCB98725D407F100953482 /* Fonts */,
				37FCB95925D404FC00953482 /* YBCardSwiftUIApp.swift */,
				37FCB95B25D404FC00953482 /* ContentView.swift */,
				37FCB95D25D404FE00953482 /* Assets.xcassets */,
				37FCB96225D404FE00953482 /* Info.plist */,
				37FCB95F25D404FE00953482 /* Preview Content */,
				37FCB99525D40EFF00953482 /* InfoView.swift */,
			);
			path = YBCardSwiftUI;
			sourceTree = "<group>";
		};
		37FCB95F25D404FE00953482 /* Preview Content */ = {
			isa = PBXGroup;
			children = (
				37FCB96025D404FE00953482 /* Preview Assets.xcassets */,
			);
			path = "Preview Content";
			sourceTree = "<group>";
		};
		37FCB96A25D404FE00953482 /* YBCardSwiftUITests */ = {
			isa = PBXGroup;
			children = (
				37FCB96B25D404FE00953482 /* YBCardSwiftUITests.swift */,
				37FCB96D25D404FE00953482 /* Info.plist */,
			);
			path = YBCardSwiftUITests;
			sourceTree = "<group>";
		};
		37FCB97525D404FE00953482 /* YBCardSwiftUIUITests */ = {
			isa = PBXGroup;
			children = (
				37FCB97625D404FE00953482 /* YBCardSwiftUIUITests.swift */,
				37FCB97825D404FE00953482 /* Info.plist */,
			);
			path = YBCardSwiftUIUITests;
			sourceTree = "<group>";
		};
		37FCB98725D407F100953482 /* Fonts */ = {
			isa = PBXGroup;
			children = (
				37FCB98825D407FA00953482 /* Pacifico-Regular.ttf */,
			);
			path = Fonts;
			sourceTree = "<group>";
		};
/* End PBXGroup section */

/* Begin PBXNativeTarget section */
		37FCB95525D404FC00953482 /* YBCardSwiftUI */ = {
			isa = PBXNativeTarget;
			buildConfigurationList = 37FCB97B25D404FE00953482 /* Build configuration list for PBXNativeTarget "YBCardSwiftUI" */;
			buildPhases = (
				37FCB95225D404FC00953482 /* Sources */,
				37FCB95325D404FC00953482 /* Frameworks */,
				37FCB95425D404FC00953482 /* Resources */,
			);
			buildRules = (
			);
			dependencies = (
			);
			name = YBCardSwiftUI;
			productName = YBCardSwiftUI;
			productReference = 37FCB95625D404FC00953482 /* YBCardSwiftUI.app */;
			productType = "com.apple.product-type.application";
		};
		37FCB96625D404FE00953482 /* YBCardSwiftUITests */ = {
			isa = PBXNativeTarget;
			buildConfigurationList = 37FCB97E25D404FE00953482 /* Build configuration list for PBXNativeTarget "YBCardSwiftUITests" */;
			buildPhases = (
				37FCB96325D404FE00953482 /* Sources */,
				37FCB96425D404FE00953482 /* Frameworks */,
				37FCB96525D404FE00953482 /* Resources */,
			);
			buildRules = (
			);
			dependencies = (
				37FCB96925D404FE00953482 /* PBXTargetDependency */,
			);
			name = YBCardSwiftUITests;
			productName = YBCardSwiftUITests;
			productReference = 37FCB96725D404FE00953482 /* YBCardSwiftUITests.xctest */;
			productType = "com.apple.product-type.bundle.unit-test";
		};
		37FCB97125D404FE00953482 /* YBCardSwiftUIUITests */ = {
			isa = PBXNativeTarget;
			buildConfigurationList = 37FCB98125D404FE00953482 /* Build configuration list for PBXNativeTarget "YBCardSwiftUIUITests" */;
			buildPhases = (
				37FCB96E25D404FE00953482 /* Sources */,
				37FCB96F25D404FE00953482 /* Frameworks */,
				37FCB97025D404FE00953482 /* Resources */,
			);
			buildRules = (
			);
			dependencies = (
				37FCB97425D404FE00953482 /* PBXTargetDependency */,
			);
			name = YBCardSwiftUIUITests;
			productName = YBCardSwiftUIUITests;
			productReference = 37FCB97225D404FE00953482 /* YBCardSwiftUIUITests.xctest */;
			productType = "com.apple.product-type.bundle.ui-testing";
		};
/* End PBXNativeTarget section */

/* Begin PBXProject section */
		37FCB94E25D404FC00953482 /* Project object */ = {
			isa = PBXProject;
			attributes = {
				LastSwiftUpdateCheck = 1240;
				LastUpgradeCheck = 1240;
				TargetAttributes = {
					37FCB95525D404FC00953482 = {
						CreatedOnToolsVersion = 12.4;
					};
					37FCB96625D404FE00953482 = {
						CreatedOnToolsVersion = 12.4;
						TestTargetID = 37FCB95525D404FC00953482;
					};
					37FCB97125D404FE00953482 = {
						CreatedOnToolsVersion = 12.4;
						TestTargetID = 37FCB95525D404FC00953482;
					};
				};
			};
			buildConfigurationList = 37FCB95125D404FC00953482 /* Build configuration list for PBXProject "YBCardSwiftUI" */;
			compatibilityVersion = "Xcode 9.3";
			developmentRegion = en;
			hasScannedForEncodings = 0;
			knownRegions = (
				en,
				Base,
			);
			mainGroup = 37FCB94D25D404FC00953482;
			productRefGroup = 37FCB95725D404FC00953482 /* Products */;
			projectDirPath = "";
			projectRoot = "";
			targets = (
				37FCB95525D404FC00953482 /* YBCardSwiftUI */,
				37FCB96625D404FE00953482 /* YBCardSwiftUITests */,
				37FCB97125D404FE00953482 /* YBCardSwiftUIUITests */,
			);
		};
/* End PBXProject section */

/* Begin PBXResourcesBuildPhase section */
		37FCB95425D404FC00953482 /* Resources */ = {
			isa = PBXResourcesBuildPhase;
			buildActionMask = 2147483647;
			files = (
				37FCB98925D4080F00953482 /* Pacifico-Regular.ttf in Resources */,
				37FCB96125D404FE00953482 /* Preview Assets.xcassets in Resources */,
				37FCB95E25D404FE00953482 /* Assets.xcassets in Resources */,
			);
			runOnlyForDeploymentPostprocessing = 0;
		};
		37FCB96525D404FE00953482 /* Resources */ = {
			isa = PBXResourcesBuildPhase;
			buildActionMask = 2147483647;
			files = (
			);
			runOnlyForDeploymentPostprocessing = 0;
		};
		37FCB97025D404FE00953482 /* Resources */ = {
			isa = PBXResourcesBuildPhase;
			buildActionMask = 2147483647;
			files = (
			);
			runOnlyForDeploymentPostprocessing = 0;
		};
/* End PBXResourcesBuildPhase section */

/* Begin PBXSourcesBuildPhase section */
		37FCB95225D404FC00953482 /* Sources */ = {
			isa = PBXSourcesBuildPhase;
			buildActionMask = 2147483647;
			files = (
				37FCB95C25D404FC00953482 /* ContentView.swift in Sources */,
				37FCB99625D40EFF00953482 /* InfoView.swift in Sources */,
				37FCB95A25D404FC00953482 /* YBCardSwiftUIApp.swift in Sources */,
			);
			runOnlyForDeploymentPostprocessing = 0;
		};
		37FCB96325D404FE00953482 /* Sources */ = {
			isa = PBXSourcesBuildPhase;
			buildActionMask = 2147483647;
			files = (
				37FCB96C25D404FE00953482 /* YBCardSwiftUITests.swift in Sources */,
			);
			runOnlyForDeploymentPostprocessing = 0;
		};
		37FCB96E25D404FE00953482 /* Sources */ = {
			isa = PBXSourcesBuildPhase;
			buildActionMask = 2147483647;
			files = (
				37FCB97725D404FE00953482 /* YBCardSwiftUIUITests.swift in Sources */,
			);
			runOnlyForDeploymentPostprocessing = 0;
		};
/* End PBXSourcesBuildPhase section */

/* Begin PBXTargetDependency section */
		37FCB96925D404FE00953482 /* PBXTargetDependency */ = {
			isa = PBXTargetDependency;
			target = 37FCB95525D404FC00953482 /* YBCardSwiftUI */;
			targetProxy = 37FCB96825D404FE00953482 /* PBXContainerItemProxy */;
		};
		37FCB97425D404FE00953482 /* PBXTargetDependency */ = {
			isa = PBXTargetDependency;
			target = 37FCB95525D404FC00953482 /* YBCardSwiftUI */;
			targetProxy = 37FCB97325D404FE00953482 /* PBXContainerItemProxy */;
		};
/* End PBXTargetDependency section */

/* Begin XCBuildConfiguration section */
		37FCB97925D404FE00953482 /* Debug */ = {
			isa = XCBuildConfiguration;
			buildSettings = {
				ALWAYS_SEARCH_USER_PATHS = NO;
				CLANG_ANALYZER_NONNULL = YES;
				CLANG_ANALYZER_NUMBER_OBJECT_CONVERSION = YES_AGGRESSIVE;
				CLANG_CXX_LANGUAGE_STANDARD = "gnu++14";
				CLANG_CXX_LIBRARY = "libc++";
				CLANG_ENABLE_MODULES = YES;
				CLANG_ENABLE_OBJC_ARC = YES;
				CLANG_ENABLE_OBJC_WEAK = YES;
				CLANG_WARN_BLOCK_CAPTURE_AUTORELEASING = YES;
				CLANG_WARN_BOOL_CONVERSION = YES;
				CLANG_WARN_COMMA = YES;
				CLANG_WARN_CONSTANT_CONVERSION = YES;
				CLANG_WARN_DEPRECATED_OBJC_IMPLEMENTATIONS = YES;
				CLANG_WARN_DIRECT_OBJC_ISA_USAGE = YES_ERROR;
				CLANG_WARN_DOCUMENTATION_COMMENTS = YES;
				CLANG_WARN_EMPTY_BODY = YES;
				CLANG_WARN_ENUM_CONVERSION = YES;
				CLANG_WARN_INFINITE_RECURSION = YES;
				CLANG_WARN_INT_CONVERSION = YES;
				CLANG_WARN_NON_LITERAL_NULL_CONVERSION = YES;
				CLANG_WARN_OBJC_IMPLICIT_RETAIN_SELF = YES;
				CLANG_WARN_OBJC_LITERAL_CONVERSION = YES;
				CLANG_WARN_OBJC_ROOT_CLASS = YES_ERROR;
				CLANG_WARN_QUOTED_INCLUDE_IN_FRAMEWORK_HEADER = YES;
				CLANG_WARN_RANGE_LOOP_ANALYSIS = YES;
				CLANG_WARN_STRICT_PROTOTYPES = YES;
				CLANG_WARN_SUSPICIOUS_MOVE = YES;
				CLANG_WARN_UNGUARDED_AVAILABILITY = YES_AGGRESSIVE;
				CLANG_WARN_UNREACHABLE_CODE = YES;
				CLANG_WARN__DUPLICATE_METHOD_MATCH = YES;
				COPY_PHASE_STRIP = NO;
				DEBUG_INFORMATION_FORMAT = dwarf;
				ENABLE_STRICT_OBJC_MSGSEND = YES;
				ENABLE_TESTABILITY = YES;
				GCC_C_LANGUAGE_STANDARD = gnu11;
				GCC_DYNAMIC_NO_PIC = NO;
				GCC_NO_COMMON_BLOCKS = YES;
				GCC_OPTIMIZATION_LEVEL = 0;
				GCC_PREPROCESSOR_DEFINITIONS = (
					"DEBUG=1",
					"$(inherited)",
				);
				GCC_WARN_64_TO_32_BIT_CONVERSION = YES;
				GCC_WARN_ABOUT_RETURN_TYPE = YES_ERROR;
				GCC_WARN_UNDECLARED_SELECTOR = YES;
				GCC_WARN_UNINITIALIZED_AUTOS = YES_AGGRESSIVE;
				GCC_WARN_UNUSED_FUNCTION = YES;
				GCC_WARN_UNUSED_VARIABLE = YES;
				IPHONEOS_DEPLOYMENT_TARGET = 14.4;
				MTL_ENABLE_DEBUG_INFO = INCLUDE_SOURCE;
				MTL_FAST_MATH = YES;
				ONLY_ACTIVE_ARCH = YES;
				SDKROOT = iphoneos;
				SWIFT_ACTIVE_COMPILATION_CONDITIONS = DEBUG;
				SWIFT_OPTIMIZATION_LEVEL = "-Onone";
			};
			name = Debug;
		};
		37FCB97A25D404FE00953482 /* Release */ = {
			isa = XCBuildConfiguration;
			buildSettings = {
				ALWAYS_SEARCH_USER_PATHS = NO;
				CLANG_ANALYZER_NONNULL = YES;
				CLANG_ANALYZER_NUMBER_OBJECT_CONVERSION = YES_AGGRESSIVE;
				CLANG_CXX_LANGUAGE_STANDARD = "gnu++14";
				CLANG_CXX_LIBRARY = "libc++";
				CLANG_ENABLE_MODULES = YES;
				CLANG_ENABLE_OBJC_ARC = YES;
				CLANG_ENABLE_OBJC_WEAK = YES;
				CLANG_WARN_BLOCK_CAPTURE_AUTORELEASING = YES;
				CLANG_WARN_BOOL_CONVERSION = YES;
				CLANG_WARN_COMMA = YES;
				CLANG_WARN_CONSTANT_CONVERSION = YES;
				CLANG_WARN_DEPRECATED_OBJC_IMPLEMENTATIONS = YES;
				CLANG_WARN_DIRECT_OBJC_ISA_USAGE = YES_ERROR;
				CLANG_WARN_DOCUMENTATION_COMMENTS = YES;
				CLANG_WARN_EMPTY_BODY = YES;
				CLANG_WARN_ENUM_CONVERSION = YES;
				CLANG_WARN_INFINITE_RECURSION = YES;
				CLANG_WARN_INT_CONVERSION = YES;
				CLANG_WARN_NON_LITERAL_NULL_CONVERSION = YES;
				CLANG_WARN_OBJC_IMPLICIT_RETAIN_SELF = YES;
				CLANG_WARN_OBJC_LITERAL_CONVERSION = YES;
				CLANG_WARN_OBJC_ROOT_CLASS = YES_ERROR;
				CLANG_WARN_QUOTED_INCLUDE_IN_FRAMEWORK_HEADER = YES;
				CLANG_WARN_RANGE_LOOP_ANALYSIS = YES;
				CLANG_WARN_STRICT_PROTOTYPES = YES;
				CLANG_WARN_SUSPICIOUS_MOVE = YES;
				CLANG_WARN_UNGUARDED_AVAILABILITY = YES_AGGRESSIVE;
				CLANG_WARN_UNREACHABLE_CODE = YES;
				CLANG_WARN__DUPLICATE_METHOD_MATCH = YES;
				COPY_PHASE_STRIP = NO;
				DEBUG_INFORMATION_FORMAT = "dwarf-with-dsym";
				ENABLE_NS_ASSERTIONS = NO;
				ENABLE_STRICT_OBJC_MSGSEND = YES;
				GCC_C_LANGUAGE_STANDARD = gnu11;
				GCC_NO_COMMON_BLOCKS = YES;
				GCC_WARN_64_TO_32_BIT_CONVERSION = YES;
				GCC_WARN_ABOUT_RETURN_TYPE = YES_ERROR;
				GCC_WARN_UNDECLARED_SELECTOR = YES;
				GCC_WARN_UNINITIALIZED_AUTOS = YES_AGGRESSIVE;
				GCC_WARN_UNUSED_FUNCTION = YES;
				GCC_WARN_UNUSED_VARIABLE = YES;
				IPHONEOS_DEPLOYMENT_TARGET = 14.4;
				MTL_ENABLE_DEBUG_INFO = NO;
				MTL_FAST_MATH = YES;
				SDKROOT = iphoneos;
				SWIFT_COMPILATION_MODE = wholemodule;
				SWIFT_OPTIMIZATION_LEVEL = "-O";
				VALIDATE_PRODUCT = YES;
			};
			name = Release;
		};
		37FCB97C25D404FE00953482 /* Debug */ = {
			isa = XCBuildConfiguration;
			buildSettings = {
				ASSETCATALOG_COMPILER_APPICON_NAME = AppIcon;
				ASSETCATALOG_COMPILER_GLOBAL_ACCENT_COLOR_NAME = AccentColor;
				CODE_SIGN_STYLE = Automatic;
				DEVELOPMENT_ASSET_PATHS = "\"YBCardSwiftUI/Preview Content\"";
				DEVELOPMENT_TEAM = H8XR2G622V;
				ENABLE_PREVIEWS = YES;
				INFOPLIST_FILE = YBCardSwiftUI/Info.plist;
				IPHONEOS_DEPLOYMENT_TARGET = 14.0;
				LD_RUNPATH_SEARCH_PATHS = (
					"$(inherited)",
					"@executable_path/Frameworks",
				);
				PRODUCT_BUNDLE_IDENTIFIER = buchkoff.YBCardSwiftUI;
				PRODUCT_NAME = "$(TARGET_NAME)";
				SWIFT_VERSION = 5.0;
				TARGETED_DEVICE_FAMILY = "1,2";
			};
			name = Debug;
		};
		37FCB97D25D404FE00953482 /* Release */ = {
			isa = XCBuildConfiguration;
			buildSettings = {
				ASSETCATALOG_COMPILER_APPICON_NAME = AppIcon;
				ASSETCATALOG_COMPILER_GLOBAL_ACCENT_COLOR_NAME = AccentColor;
				CODE_SIGN_STYLE = Automatic;
				DEVELOPMENT_ASSET_PATHS = "\"YBCardSwiftUI/Preview Content\"";
				DEVELOPMENT_TEAM = H8XR2G622V;
				ENABLE_PREVIEWS = YES;
				INFOPLIST_FILE = YBCardSwiftUI/Info.plist;
				IPHONEOS_DEPLOYMENT_TARGET = 14.0;
				LD_RUNPATH_SEARCH_PATHS = (
					"$(inherited)",
					"@executable_path/Frameworks",
				);
				PRODUCT_BUNDLE_IDENTIFIER = buchkoff.YBCardSwiftUI;
				PRODUCT_NAME = "$(TARGET_NAME)";
				SWIFT_VERSION = 5.0;
				TARGETED_DEVICE_FAMILY = "1,2";
			};
			name = Release;
		};
		37FCB97F25D404FE00953482 /* Debug */ = {
			isa = XCBuildConfiguration;
			buildSettings = {
				ALWAYS_EMBED_SWIFT_STANDARD_LIBRARIES = YES;
				BUNDLE_LOADER = "$(TEST_HOST)";
				CODE_SIGN_STYLE = Automatic;
				DEVELOPMENT_TEAM = H8XR2G622V;
				INFOPLIST_FILE = YBCardSwiftUITests/Info.plist;
				IPHONEOS_DEPLOYMENT_TARGET = 14.0;
				LD_RUNPATH_SEARCH_PATHS = (
					"$(inherited)",
					"@executable_path/Frameworks",
					"@loader_path/Frameworks",
				);
				PRODUCT_BUNDLE_IDENTIFIER = buchkoff.YBCardSwiftUITests;
				PRODUCT_NAME = "$(TARGET_NAME)";
				SWIFT_VERSION = 5.0;
				TARGETED_DEVICE_FAMILY = "1,2";
				TEST_HOST = "$(BUILT_PRODUCTS_DIR)/YBCardSwiftUI.app/YBCardSwiftUI";
			};
			name = Debug;
		};
		37FCB98025D404FE00953482 /* Release */ = {
			isa = XCBuildConfiguration;
			buildSettings = {
				ALWAYS_EMBED_SWIFT_STANDARD_LIBRARIES = YES;
				BUNDLE_LOADER = "$(TEST_HOST)";
				CODE_SIGN_STYLE = Automatic;
				DEVELOPMENT_TEAM = H8XR2G622V;
				INFOPLIST_FILE = YBCardSwiftUITests/Info.plist;
				IPHONEOS_DEPLOYMENT_TARGET = 14.0;
				LD_RUNPATH_SEARCH_PATHS = (
					"$(inherited)",
					"@executable_path/Frameworks",
					"@loader_path/Frameworks",
				);
				PRODUCT_BUNDLE_IDENTIFIER = buchkoff.YBCardSwiftUITests;
				PRODUCT_NAME = "$(TARGET_NAME)";
				SWIFT_VERSION = 5.0;
				TARGETED_DEVICE_FAMILY = "1,2";
				TEST_HOST = "$(BUILT_PRODUCTS_DIR)/YBCardSwiftUI.app/YBCardSwiftUI";
			};
			name = Release;
		};
		37FCB98225D404FE00953482 /* Debug */ = {
			isa = XCBuildConfiguration;
			buildSettings = {
				ALWAYS_EMBED_SWIFT_STANDARD_LIBRARIES = YES;
				CODE_SIGN_STYLE = Automatic;
				DEVELOPMENT_TEAM = H8XR2G622V;
				INFOPLIST_FILE = YBCardSwiftUIUITests/Info.plist;
				LD_RUNPATH_SEARCH_PATHS = (
					"$(inherited)",
					"@executable_path/Frameworks",
					"@loader_path/Frameworks",
				);
				PRODUCT_BUNDLE_IDENTIFIER = buchkoff.YBCardSwiftUIUITests;
				PRODUCT_NAME = "$(TARGET_NAME)";
				SWIFT_VERSION = 5.0;
				TARGETED_DEVICE_FAMILY = "1,2";
				TEST_TARGET_NAME = YBCardSwiftUI;
			};
			name = Debug;
		};
		37FCB98325D404FE00953482 /* Release */ = {
			isa = XCBuildConfiguration;
			buildSettings = {
				ALWAYS_EMBED_SWIFT_STANDARD_LIBRARIES = YES;
				CODE_SIGN_STYLE = Automatic;
				DEVELOPMENT_TEAM = H8XR2G622V;
				INFOPLIST_FILE = YBCardSwiftUIUITests/Info.plist;
				LD_RUNPATH_SEARCH_PATHS = (
					"$(inherited)",
					"@executable_path/Frameworks",
					"@loader_path/Frameworks",
				);
				PRODUCT_BUNDLE_IDENTIFIER = buchkoff.YBCardSwiftUIUITests;
				PRODUCT_NAME = "$(TARGET_NAME)";
				SWIFT_VERSION = 5.0;
				TARGETED_DEVICE_FAMILY = "1,2";
				TEST_TARGET_NAME = YBCardSwiftUI;
			};
			name = Release;
		};
/* End XCBuildConfiguration section */

/* Begin XCConfigurationList section */
		37FCB95125D404FC00953482 /* Build configuration list for PBXProject "YBCardSwiftUI" */ = {
			isa = XCConfigurationList;
			buildConfigurations = (
				37FCB97925D404FE00953482 /* Debug */,
				37FCB97A25D404FE00953482 /* Release */,
			);
			defaultConfigurationIsVisible = 0;
			defaultConfigurationName = Release;
		};
		37FCB97B25D404FE00953482 /* Build configuration list for PBXNativeTarget "YBCardSwiftUI" */ = {
			isa = XCConfigurationList;
			buildConfigurations = (
				37FCB97C25D404FE00953482 /* Debug */,
				37FCB97D25D404FE00953482 /* Release */,
			);
			defaultConfigurationIsVisible = 0;
			defaultConfigurationName = Release;
		};
		37FCB97E25D404FE00953482 /* Build configuration list for PBXNativeTarget "YBCardSwiftUITests" */ = {
			isa = XCConfigurationList;
			buildConfigurations = (
				37FCB97F25D404FE00953482 /* Debug */,
				37FCB98025D404FE00953482 /* Release */,
			);
			defaultConfigurationIsVisible = 0;
			defaultConfigurationName = Release;
		};
		37FCB98125D404FE00953482 /* Build configuration list for PBXNativeTarget "YBCardSwiftUIUITests" */ = {
			isa = XCConfigurationList;
			buildConfigurations = (
				37FCB98225D404FE00953482 /* Debug */,
				37FCB98325D404FE00953482 /* Release */,
			);
			defaultConfigurationIsVisible = 0;
			defaultConfigurationName = Release;
		};
/* End XCConfigurationList section */
	};
	rootObject = 37FCB94E25D404FC00953482 /* Project object */;
}
